// !$*UTF8*$!
{
	archiveVersion = 1;
	classes = {
	};
	objectVersion = 56;
	objects = {

/* Begin PBXBuildFile section */
		4C29C92D28E31F8800C363D0 /* AppDelegate.swift in Sources */ = {isa = PBXBuildFile; fileRef = 4C29C92C28E31F8800C363D0 /* AppDelegate.swift */; };
		4C29C92F28E31F8800C363D0 /* SceneDelegate.swift in Sources */ = {isa = PBXBuildFile; fileRef = 4C29C92E28E31F8800C363D0 /* SceneDelegate.swift */; };
		4C29C93628E31F8900C363D0 /* Assets.xcassets in Resources */ = {isa = PBXBuildFile; fileRef = 4C29C93528E31F8900C363D0 /* Assets.xcassets */; };
		4C29C93928E31F8900C363D0 /* LaunchScreen.storyboard in Resources */ = {isa = PBXBuildFile; fileRef = 4C29C93728E31F8900C363D0 /* LaunchScreen.storyboard */; };
		4C29C94428E31F8A00C363D0 /* HooliganTests.swift in Sources */ = {isa = PBXBuildFile; fileRef = 4C29C94328E31F8A00C363D0 /* HooliganTests.swift */; };
		4C29C94E28E31F8A00C363D0 /* HooliganUITests.swift in Sources */ = {isa = PBXBuildFile; fileRef = 4C29C94D28E31F8A00C363D0 /* HooliganUITests.swift */; };
		4C29C95028E31F8A00C363D0 /* HooliganUITestsLaunchTests.swift in Sources */ = {isa = PBXBuildFile; fileRef = 4C29C94F28E31F8A00C363D0 /* HooliganUITestsLaunchTests.swift */; };
		4C29C96128E3245C00C363D0 /* MainTabBarStoryboard.storyboard in Resources */ = {isa = PBXBuildFile; fileRef = 4C29C96028E3245C00C363D0 /* MainTabBarStoryboard.storyboard */; };
		4C29C96728E324C500C363D0 /* EventsViewController.swift in Sources */ = {isa = PBXBuildFile; fileRef = 4C29C96628E324C500C363D0 /* EventsViewController.swift */; };
		4C29C96928E324D600C363D0 /* ScheduleViewController.swift in Sources */ = {isa = PBXBuildFile; fileRef = 4C29C96828E324D600C363D0 /* ScheduleViewController.swift */; };
		4C29C96E28E327D300C363D0 /* EventsInteractor.swift in Sources */ = {isa = PBXBuildFile; fileRef = 4C29C96D28E327D300C363D0 /* EventsInteractor.swift */; };
		4C29C97028E327DF00C363D0 /* EventsBoundary.swift in Sources */ = {isa = PBXBuildFile; fileRef = 4C29C96F28E327DF00C363D0 /* EventsBoundary.swift */; };
		4C29C97528E3284E00C363D0 /* EventsViewModelTests.swift in Sources */ = {isa = PBXBuildFile; fileRef = 4C29C97428E3284E00C363D0 /* EventsViewModelTests.swift */; };
		4C29C97728E3287700C363D0 /* ScheduleViewModelTests.swift in Sources */ = {isa = PBXBuildFile; fileRef = 4C29C97628E3287700C363D0 /* ScheduleViewModelTests.swift */; };
		4C29C97D28E328DD00C363D0 /* WebServicesManager.swift in Sources */ = {isa = PBXBuildFile; fileRef = 4C29C97C28E328DD00C363D0 /* WebServicesManager.swift */; };
		4C3EB74C28E379780053285D /* Alamofire in Frameworks */ = {isa = PBXBuildFile; productRef = 4C3EB74B28E379780053285D /* Alamofire */; };
		4CE7537B28E37C0C009E65B3 /* JSONLogger.swift in Sources */ = {isa = PBXBuildFile; fileRef = 4CE7537A28E37C0C009E65B3 /* JSONLogger.swift */; };
		4CE7537D28E37D22009E65B3 /* Array+Extensions.swift in Sources */ = {isa = PBXBuildFile; fileRef = 4CE7537C28E37D22009E65B3 /* Array+Extensions.swift */; };
		4CE7537F28E37D53009E65B3 /* Error+Extensions.swift in Sources */ = {isa = PBXBuildFile; fileRef = 4CE7537E28E37D53009E65B3 /* Error+Extensions.swift */; };
		4CE7538128E37D8D009E65B3 /* UIApplication+Extensions.swift in Sources */ = {isa = PBXBuildFile; fileRef = 4CE7538028E37D8D009E65B3 /* UIApplication+Extensions.swift */; };
		4CE7538328E37DCC009E65B3 /* UINavigationViewController+Extensions.swift in Sources */ = {isa = PBXBuildFile; fileRef = 4CE7538228E37DCC009E65B3 /* UINavigationViewController+Extensions.swift */; };
		4CE7538528E37E2C009E65B3 /* Date+Extensions.swift in Sources */ = {isa = PBXBuildFile; fileRef = 4CE7538428E37E2C009E65B3 /* Date+Extensions.swift */; };
		4CE7538828E37F06009E65B3 /* BaseViewModelDelegate.swift in Sources */ = {isa = PBXBuildFile; fileRef = 4CE7538728E37F06009E65B3 /* BaseViewModelDelegate.swift */; };
		4CE7538B28E37F85009E65B3 /* TypeAliases.swift in Sources */ = {isa = PBXBuildFile; fileRef = 4CE7538A28E37F85009E65B3 /* TypeAliases.swift */; };
		4CE7538D28E38135009E65B3 /* Localizable.strings in Resources */ = {isa = PBXBuildFile; fileRef = 4CE7538C28E38135009E65B3 /* Localizable.strings */; };
		4CE7539128E38399009E65B3 /* EventsViewModel.swift in Sources */ = {isa = PBXBuildFile; fileRef = 4CE7539028E38399009E65B3 /* EventsViewModel.swift */; };
		4CE7539528E38406009E65B3 /* ScheduleViewModel.swift in Sources */ = {isa = PBXBuildFile; fileRef = 4CE7539428E38406009E65B3 /* ScheduleViewModel.swift */; };
		4CE7539828E38FA6009E65B3 /* EventsResponseModel.swift in Sources */ = {isa = PBXBuildFile; fileRef = 4CE7539728E38FA6009E65B3 /* EventsResponseModel.swift */; };
		4CE7539C28E390F1009E65B3 /* ScheduleResponseModel.swift in Sources */ = {isa = PBXBuildFile; fileRef = 4CE7539B28E390F1009E65B3 /* ScheduleResponseModel.swift */; };
		4CE7539E28E39110009E65B3 /* ScheduleBoundary.swift in Sources */ = {isa = PBXBuildFile; fileRef = 4CE7539D28E39110009E65B3 /* ScheduleBoundary.swift */; };
		4CE753A028E39127009E65B3 /* ScheduleInteractor.swift in Sources */ = {isa = PBXBuildFile; fileRef = 4CE7539F28E39127009E65B3 /* ScheduleInteractor.swift */; };
		4CE753A428E3A285009E65B3 /* PlayerTableViewCell.swift in Sources */ = {isa = PBXBuildFile; fileRef = 4CE753A328E3A285009E65B3 /* PlayerTableViewCell.swift */; };
		4CE753A628E3A2A5009E65B3 /* PlayerTableViewCell.xib in Resources */ = {isa = PBXBuildFile; fileRef = 4CE753A528E3A2A5009E65B3 /* PlayerTableViewCell.xib */; };
		4CE753A828E3A5CB009E65B3 /* UIColor+Extensions.swift in Sources */ = {isa = PBXBuildFile; fileRef = 4CE753A728E3A5CB009E65B3 /* UIColor+Extensions.swift */; };
		4CE753AA28E3A5E0009E65B3 /* UIFont+Extensions.swift in Sources */ = {isa = PBXBuildFile; fileRef = 4CE753A928E3A5DF009E65B3 /* UIFont+Extensions.swift */; };
/* End PBXBuildFile section */

/* Begin PBXContainerItemProxy section */
		4C29C94028E31F8A00C363D0 /* PBXContainerItemProxy */ = {
			isa = PBXContainerItemProxy;
			containerPortal = 4C29C92128E31F8700C363D0 /* Project object */;
			proxyType = 1;
			remoteGlobalIDString = 4C29C92828E31F8800C363D0;
			remoteInfo = Hooligan;
		};
		4C29C94A28E31F8A00C363D0 /* PBXContainerItemProxy */ = {
			isa = PBXContainerItemProxy;
			containerPortal = 4C29C92128E31F8700C363D0 /* Project object */;
			proxyType = 1;
			remoteGlobalIDString = 4C29C92828E31F8800C363D0;
			remoteInfo = Hooligan;
		};
/* End PBXContainerItemProxy section */

/* Begin PBXFileReference section */
		4C29C92928E31F8800C363D0 /* Hooligan.app */ = {isa = PBXFileReference; explicitFileType = wrapper.application; includeInIndex = 0; path = Hooligan.app; sourceTree = BUILT_PRODUCTS_DIR; };
		4C29C92C28E31F8800C363D0 /* AppDelegate.swift */ = {isa = PBXFileReference; lastKnownFileType = sourcecode.swift; path = AppDelegate.swift; sourceTree = "<group>"; };
		4C29C92E28E31F8800C363D0 /* SceneDelegate.swift */ = {isa = PBXFileReference; lastKnownFileType = sourcecode.swift; path = SceneDelegate.swift; sourceTree = "<group>"; };
		4C29C93528E31F8900C363D0 /* Assets.xcassets */ = {isa = PBXFileReference; lastKnownFileType = folder.assetcatalog; path = Assets.xcassets; sourceTree = "<group>"; };
		4C29C93828E31F8900C363D0 /* Base */ = {isa = PBXFileReference; lastKnownFileType = file.storyboard; name = Base; path = Base.lproj/LaunchScreen.storyboard; sourceTree = "<group>"; };
		4C29C93A28E31F8900C363D0 /* Info.plist */ = {isa = PBXFileReference; lastKnownFileType = text.plist.xml; path = Info.plist; sourceTree = "<group>"; };
		4C29C93F28E31F8A00C363D0 /* HooliganTests.xctest */ = {isa = PBXFileReference; explicitFileType = wrapper.cfbundle; includeInIndex = 0; path = HooliganTests.xctest; sourceTree = BUILT_PRODUCTS_DIR; };
		4C29C94328E31F8A00C363D0 /* HooliganTests.swift */ = {isa = PBXFileReference; lastKnownFileType = sourcecode.swift; path = HooliganTests.swift; sourceTree = "<group>"; };
		4C29C94928E31F8A00C363D0 /* HooliganUITests.xctest */ = {isa = PBXFileReference; explicitFileType = wrapper.cfbundle; includeInIndex = 0; path = HooliganUITests.xctest; sourceTree = BUILT_PRODUCTS_DIR; };
		4C29C94D28E31F8A00C363D0 /* HooliganUITests.swift */ = {isa = PBXFileReference; lastKnownFileType = sourcecode.swift; path = HooliganUITests.swift; sourceTree = "<group>"; };
		4C29C94F28E31F8A00C363D0 /* HooliganUITestsLaunchTests.swift */ = {isa = PBXFileReference; lastKnownFileType = sourcecode.swift; path = HooliganUITestsLaunchTests.swift; sourceTree = "<group>"; };
		4C29C96028E3245C00C363D0 /* MainTabBarStoryboard.storyboard */ = {isa = PBXFileReference; lastKnownFileType = file.storyboard; path = MainTabBarStoryboard.storyboard; sourceTree = "<group>"; };
		4C29C96628E324C500C363D0 /* EventsViewController.swift */ = {isa = PBXFileReference; lastKnownFileType = sourcecode.swift; path = EventsViewController.swift; sourceTree = "<group>"; };
		4C29C96828E324D600C363D0 /* ScheduleViewController.swift */ = {isa = PBXFileReference; lastKnownFileType = sourcecode.swift; path = ScheduleViewController.swift; sourceTree = "<group>"; };
		4C29C96D28E327D300C363D0 /* EventsInteractor.swift */ = {isa = PBXFileReference; lastKnownFileType = sourcecode.swift; path = EventsInteractor.swift; sourceTree = "<group>"; };
		4C29C96F28E327DF00C363D0 /* EventsBoundary.swift */ = {isa = PBXFileReference; lastKnownFileType = sourcecode.swift; path = EventsBoundary.swift; sourceTree = "<group>"; };
		4C29C97428E3284E00C363D0 /* EventsViewModelTests.swift */ = {isa = PBXFileReference; lastKnownFileType = sourcecode.swift; path = EventsViewModelTests.swift; sourceTree = "<group>"; };
		4C29C97628E3287700C363D0 /* ScheduleViewModelTests.swift */ = {isa = PBXFileReference; lastKnownFileType = sourcecode.swift; path = ScheduleViewModelTests.swift; sourceTree = "<group>"; };
		4C29C97C28E328DD00C363D0 /* WebServicesManager.swift */ = {isa = PBXFileReference; lastKnownFileType = sourcecode.swift; path = WebServicesManager.swift; sourceTree = "<group>"; };
		4CE7537A28E37C0C009E65B3 /* JSONLogger.swift */ = {isa = PBXFileReference; lastKnownFileType = sourcecode.swift; path = JSONLogger.swift; sourceTree = "<group>"; };
		4CE7537C28E37D22009E65B3 /* Array+Extensions.swift */ = {isa = PBXFileReference; lastKnownFileType = sourcecode.swift; path = "Array+Extensions.swift"; sourceTree = "<group>"; };
		4CE7537E28E37D53009E65B3 /* Error+Extensions.swift */ = {isa = PBXFileReference; lastKnownFileType = sourcecode.swift; path = "Error+Extensions.swift"; sourceTree = "<group>"; };
		4CE7538028E37D8D009E65B3 /* UIApplication+Extensions.swift */ = {isa = PBXFileReference; lastKnownFileType = sourcecode.swift; path = "UIApplication+Extensions.swift"; sourceTree = "<group>"; };
		4CE7538228E37DCC009E65B3 /* UINavigationViewController+Extensions.swift */ = {isa = PBXFileReference; lastKnownFileType = sourcecode.swift; path = "UINavigationViewController+Extensions.swift"; sourceTree = "<group>"; };
		4CE7538428E37E2C009E65B3 /* Date+Extensions.swift */ = {isa = PBXFileReference; lastKnownFileType = sourcecode.swift; path = "Date+Extensions.swift"; sourceTree = "<group>"; };
		4CE7538728E37F06009E65B3 /* BaseViewModelDelegate.swift */ = {isa = PBXFileReference; lastKnownFileType = sourcecode.swift; path = BaseViewModelDelegate.swift; sourceTree = "<group>"; };
		4CE7538A28E37F85009E65B3 /* TypeAliases.swift */ = {isa = PBXFileReference; lastKnownFileType = sourcecode.swift; path = TypeAliases.swift; sourceTree = "<group>"; };
		4CE7538C28E38135009E65B3 /* Localizable.strings */ = {isa = PBXFileReference; lastKnownFileType = text.plist.strings; path = Localizable.strings; sourceTree = "<group>"; };
		4CE7539028E38399009E65B3 /* EventsViewModel.swift */ = {isa = PBXFileReference; lastKnownFileType = sourcecode.swift; path = EventsViewModel.swift; sourceTree = "<group>"; };
		4CE7539428E38406009E65B3 /* ScheduleViewModel.swift */ = {isa = PBXFileReference; lastKnownFileType = sourcecode.swift; path = ScheduleViewModel.swift; sourceTree = "<group>"; };
		4CE7539728E38FA6009E65B3 /* EventsResponseModel.swift */ = {isa = PBXFileReference; lastKnownFileType = sourcecode.swift; path = EventsResponseModel.swift; sourceTree = "<group>"; };
		4CE7539B28E390F1009E65B3 /* ScheduleResponseModel.swift */ = {isa = PBXFileReference; lastKnownFileType = sourcecode.swift; path = ScheduleResponseModel.swift; sourceTree = "<group>"; };
		4CE7539D28E39110009E65B3 /* ScheduleBoundary.swift */ = {isa = PBXFileReference; lastKnownFileType = sourcecode.swift; path = ScheduleBoundary.swift; sourceTree = "<group>"; };
		4CE7539F28E39127009E65B3 /* ScheduleInteractor.swift */ = {isa = PBXFileReference; lastKnownFileType = sourcecode.swift; path = ScheduleInteractor.swift; sourceTree = "<group>"; };
		4CE753A328E3A285009E65B3 /* PlayerTableViewCell.swift */ = {isa = PBXFileReference; lastKnownFileType = sourcecode.swift; path = PlayerTableViewCell.swift; sourceTree = "<group>"; };
		4CE753A528E3A2A5009E65B3 /* PlayerTableViewCell.xib */ = {isa = PBXFileReference; lastKnownFileType = file.xib; path = PlayerTableViewCell.xib; sourceTree = "<group>"; };
		4CE753A728E3A5CB009E65B3 /* UIColor+Extensions.swift */ = {isa = PBXFileReference; lastKnownFileType = sourcecode.swift; path = "UIColor+Extensions.swift"; sourceTree = "<group>"; };
		4CE753A928E3A5DF009E65B3 /* UIFont+Extensions.swift */ = {isa = PBXFileReference; lastKnownFileType = sourcecode.swift; path = "UIFont+Extensions.swift"; sourceTree = "<group>"; };
/* End PBXFileReference section */

/* Begin PBXFrameworksBuildPhase section */
		4C29C92628E31F8800C363D0 /* Frameworks */ = {
			isa = PBXFrameworksBuildPhase;
			buildActionMask = 2147483647;
			files = (
				4C3EB74C28E379780053285D /* Alamofire in Frameworks */,
			);
			runOnlyForDeploymentPostprocessing = 0;
		};
		4C29C93C28E31F8A00C363D0 /* Frameworks */ = {
			isa = PBXFrameworksBuildPhase;
			buildActionMask = 2147483647;
			files = (
			);
			runOnlyForDeploymentPostprocessing = 0;
		};
		4C29C94628E31F8A00C363D0 /* Frameworks */ = {
			isa = PBXFrameworksBuildPhase;
			buildActionMask = 2147483647;
			files = (
			);
			runOnlyForDeploymentPostprocessing = 0;
		};
/* End PBXFrameworksBuildPhase section */

/* Begin PBXGroup section */
		4C29C92028E31F8700C363D0 = {
			isa = PBXGroup;
			children = (
				4C29C92B28E31F8800C363D0 /* Hooligan */,
				4C29C94228E31F8A00C363D0 /* HooliganTests */,
				4C29C94C28E31F8A00C363D0 /* HooliganUITests */,
				4C29C92A28E31F8800C363D0 /* Products */,
			);
			sourceTree = "<group>";
		};
		4C29C92A28E31F8800C363D0 /* Products */ = {
			isa = PBXGroup;
			children = (
				4C29C92928E31F8800C363D0 /* Hooligan.app */,
				4C29C93F28E31F8A00C363D0 /* HooliganTests.xctest */,
				4C29C94928E31F8A00C363D0 /* HooliganUITests.xctest */,
			);
			name = Products;
			sourceTree = "<group>";
		};
		4C29C92B28E31F8800C363D0 /* Hooligan */ = {
			isa = PBXGroup;
			children = (
				4C29C96A28E3278D00C363D0 /* Utilities */,
				4C29C95C28E323DB00C363D0 /* Features */,
				4C29C92C28E31F8800C363D0 /* AppDelegate.swift */,
				4C29C92E28E31F8800C363D0 /* SceneDelegate.swift */,
				4C29C93528E31F8900C363D0 /* Assets.xcassets */,
				4C29C93728E31F8900C363D0 /* LaunchScreen.storyboard */,
				4C29C93A28E31F8900C363D0 /* Info.plist */,
				4CE7538C28E38135009E65B3 /* Localizable.strings */,
			);
			path = Hooligan;
			sourceTree = "<group>";
		};
		4C29C94228E31F8A00C363D0 /* HooliganTests */ = {
			isa = PBXGroup;
			children = (
				4C29C97128E3281700C363D0 /* Features */,
				4C29C94328E31F8A00C363D0 /* HooliganTests.swift */,
			);
			path = HooliganTests;
			sourceTree = "<group>";
		};
		4C29C94C28E31F8A00C363D0 /* HooliganUITests */ = {
			isa = PBXGroup;
			children = (
				4C29C94D28E31F8A00C363D0 /* HooliganUITests.swift */,
				4C29C94F28E31F8A00C363D0 /* HooliganUITestsLaunchTests.swift */,
			);
			path = HooliganUITests;
			sourceTree = "<group>";
		};
		4C29C95C28E323DB00C363D0 /* Features */ = {
			isa = PBXGroup;
			children = (
				4CE753A228E3A23F009E65B3 /* Player Table View Cell */,
				4C29C95D28E323E200C363D0 /* Main Tab Bar */,
				4C29C95E28E323F700C363D0 /* Events */,
				4C29C95F28E3240F00C363D0 /* Schedule */,
			);
			path = Features;
			sourceTree = "<group>";
		};
		4C29C95D28E323E200C363D0 /* Main Tab Bar */ = {
			isa = PBXGroup;
			children = (
				4C29C96028E3245C00C363D0 /* MainTabBarStoryboard.storyboard */,
			);
			path = "Main Tab Bar";
			sourceTree = "<group>";
		};
		4C29C95E28E323F700C363D0 /* Events */ = {
			isa = PBXGroup;
			children = (
				4CE7538F28E3837B009E65B3 /* View Model */,
				4CE7538E28E38369009E65B3 /* View */,
			);
			path = Events;
			sourceTree = "<group>";
		};
		4C29C95F28E3240F00C363D0 /* Schedule */ = {
			isa = PBXGroup;
			children = (
				4CE7539328E383F0009E65B3 /* View Model */,
				4CE7539228E383EB009E65B3 /* View */,
			);
			path = Schedule;
			sourceTree = "<group>";
		};
		4C29C96A28E3278D00C363D0 /* Utilities */ = {
			isa = PBXGroup;
			children = (
				4CE7538928E37F74009E65B3 /* Type Aliases */,
				4CE7538628E37EDC009E65B3 /* Base View Model Delegate */,
				4CE7537928E37BFB009E65B3 /* JSON Logger */,
				4C29C97928E328A000C363D0 /* Extensions */,
				4C29C97828E3289800C363D0 /* Managers */,
				4C29C96B28E327A000C363D0 /* Interactors */,
			);
			path = Utilities;
			sourceTree = "<group>";
		};
		4C29C96B28E327A000C363D0 /* Interactors */ = {
			isa = PBXGroup;
			children = (
				4C29C96C28E327B000C363D0 /* Events */,
				4CE7539928E390C4009E65B3 /* Schedule */,
			);
			path = Interactors;
			sourceTree = "<group>";
		};
		4C29C96C28E327B000C363D0 /* Events */ = {
			isa = PBXGroup;
			children = (
				4CE7539628E38F95009E65B3 /* Response Model */,
				4C29C96F28E327DF00C363D0 /* EventsBoundary.swift */,
				4C29C96D28E327D300C363D0 /* EventsInteractor.swift */,
			);
			path = Events;
			sourceTree = "<group>";
		};
		4C29C97128E3281700C363D0 /* Features */ = {
			isa = PBXGroup;
			children = (
				4C29C97228E3281E00C363D0 /* Events */,
				4C29C97328E3282300C363D0 /* Schedule */,
			);
			path = Features;
			sourceTree = "<group>";
		};
		4C29C97228E3281E00C363D0 /* Events */ = {
			isa = PBXGroup;
			children = (
				4C29C97428E3284E00C363D0 /* EventsViewModelTests.swift */,
			);
			path = Events;
			sourceTree = "<group>";
		};
		4C29C97328E3282300C363D0 /* Schedule */ = {
			isa = PBXGroup;
			children = (
				4C29C97628E3287700C363D0 /* ScheduleViewModelTests.swift */,
			);
			path = Schedule;
			sourceTree = "<group>";
		};
		4C29C97828E3289800C363D0 /* Managers */ = {
			isa = PBXGroup;
			children = (
				4C29C97C28E328DD00C363D0 /* WebServicesManager.swift */,
			);
			path = Managers;
			sourceTree = "<group>";
		};
		4C29C97928E328A000C363D0 /* Extensions */ = {
			isa = PBXGroup;
			children = (
				4C29C97B28E328C100C363D0 /* Generic */,
				4C29C97A28E328A700C363D0 /* UIKit */,
			);
			path = Extensions;
			sourceTree = "<group>";
		};
		4C29C97A28E328A700C363D0 /* UIKit */ = {
			isa = PBXGroup;
			children = (
				4CE7538028E37D8D009E65B3 /* UIApplication+Extensions.swift */,
				4CE7538228E37DCC009E65B3 /* UINavigationViewController+Extensions.swift */,
				4CE753A728E3A5CB009E65B3 /* UIColor+Extensions.swift */,
				4CE753A928E3A5DF009E65B3 /* UIFont+Extensions.swift */,
			);
			path = UIKit;
			sourceTree = "<group>";
		};
		4C29C97B28E328C100C363D0 /* Generic */ = {
			isa = PBXGroup;
			children = (
				4CE7537C28E37D22009E65B3 /* Array+Extensions.swift */,
				4CE7537E28E37D53009E65B3 /* Error+Extensions.swift */,
				4CE7538428E37E2C009E65B3 /* Date+Extensions.swift */,
			);
			path = Generic;
			sourceTree = "<group>";
		};
		4CE7537928E37BFB009E65B3 /* JSON Logger */ = {
			isa = PBXGroup;
			children = (
				4CE7537A28E37C0C009E65B3 /* JSONLogger.swift */,
			);
			path = "JSON Logger";
			sourceTree = "<group>";
		};
		4CE7538628E37EDC009E65B3 /* Base View Model Delegate */ = {
			isa = PBXGroup;
			children = (
				4CE7538728E37F06009E65B3 /* BaseViewModelDelegate.swift */,
			);
			path = "Base View Model Delegate";
			sourceTree = "<group>";
		};
		4CE7538928E37F74009E65B3 /* Type Aliases */ = {
			isa = PBXGroup;
			children = (
				4CE7538A28E37F85009E65B3 /* TypeAliases.swift */,
			);
			path = "Type Aliases";
			sourceTree = "<group>";
		};
		4CE7538E28E38369009E65B3 /* View */ = {
			isa = PBXGroup;
			children = (
				4C29C96628E324C500C363D0 /* EventsViewController.swift */,
			);
			path = View;
			sourceTree = "<group>";
		};
		4CE7538F28E3837B009E65B3 /* View Model */ = {
			isa = PBXGroup;
			children = (
				4CE7539028E38399009E65B3 /* EventsViewModel.swift */,
			);
			path = "View Model";
			sourceTree = "<group>";
		};
		4CE7539228E383EB009E65B3 /* View */ = {
			isa = PBXGroup;
			children = (
				4C29C96828E324D600C363D0 /* ScheduleViewController.swift */,
			);
			path = View;
			sourceTree = "<group>";
		};
		4CE7539328E383F0009E65B3 /* View Model */ = {
			isa = PBXGroup;
			children = (
				4CE7539428E38406009E65B3 /* ScheduleViewModel.swift */,
			);
			path = "View Model";
			sourceTree = "<group>";
		};
		4CE7539628E38F95009E65B3 /* Response Model */ = {
			isa = PBXGroup;
			children = (
				4CE7539728E38FA6009E65B3 /* EventsResponseModel.swift */,
			);
			path = "Response Model";
			sourceTree = "<group>";
		};
		4CE7539928E390C4009E65B3 /* Schedule */ = {
			isa = PBXGroup;
			children = (
				4CE7539A28E390D3009E65B3 /* Response Model */,
				4CE7539D28E39110009E65B3 /* ScheduleBoundary.swift */,
				4CE7539F28E39127009E65B3 /* ScheduleInteractor.swift */,
			);
			path = Schedule;
			sourceTree = "<group>";
		};
		4CE7539A28E390D3009E65B3 /* Response Model */ = {
			isa = PBXGroup;
			children = (
				4CE7539B28E390F1009E65B3 /* ScheduleResponseModel.swift */,
			);
			path = "Response Model";
			sourceTree = "<group>";
		};
		4CE753A228E3A23F009E65B3 /* Player Table View Cell */ = {
			isa = PBXGroup;
			children = (
				4CE753A328E3A285009E65B3 /* PlayerTableViewCell.swift */,
				4CE753A528E3A2A5009E65B3 /* PlayerTableViewCell.xib */,
			);
			path = "Player Table View Cell";
			sourceTree = "<group>";
		};
/* End PBXGroup section */

/* Begin PBXNativeTarget section */
		4C29C92828E31F8800C363D0 /* Hooligan */ = {
			isa = PBXNativeTarget;
			buildConfigurationList = 4C29C95328E31F8A00C363D0 /* Build configuration list for PBXNativeTarget "Hooligan" */;
			buildPhases = (
				4C29C92528E31F8800C363D0 /* Sources */,
				4C29C92628E31F8800C363D0 /* Frameworks */,
				4C29C92728E31F8800C363D0 /* Resources */,
			);
			buildRules = (
			);
			dependencies = (
			);
			name = Hooligan;
			packageProductDependencies = (
				4C3EB74B28E379780053285D /* Alamofire */,
			);
			productName = Hooligan;
			productReference = 4C29C92928E31F8800C363D0 /* Hooligan.app */;
			productType = "com.apple.product-type.application";
		};
		4C29C93E28E31F8A00C363D0 /* HooliganTests */ = {
			isa = PBXNativeTarget;
			buildConfigurationList = 4C29C95628E31F8A00C363D0 /* Build configuration list for PBXNativeTarget "HooliganTests" */;
			buildPhases = (
				4C29C93B28E31F8A00C363D0 /* Sources */,
				4C29C93C28E31F8A00C363D0 /* Frameworks */,
				4C29C93D28E31F8A00C363D0 /* Resources */,
			);
			buildRules = (
			);
			dependencies = (
				4C29C94128E31F8A00C363D0 /* PBXTargetDependency */,
			);
			name = HooliganTests;
			productName = HooliganTests;
			productReference = 4C29C93F28E31F8A00C363D0 /* HooliganTests.xctest */;
			productType = "com.apple.product-type.bundle.unit-test";
		};
		4C29C94828E31F8A00C363D0 /* HooliganUITests */ = {
			isa = PBXNativeTarget;
			buildConfigurationList = 4C29C95928E31F8A00C363D0 /* Build configuration list for PBXNativeTarget "HooliganUITests" */;
			buildPhases = (
				4C29C94528E31F8A00C363D0 /* Sources */,
				4C29C94628E31F8A00C363D0 /* Frameworks */,
				4C29C94728E31F8A00C363D0 /* Resources */,
			);
			buildRules = (
			);
			dependencies = (
				4C29C94B28E31F8A00C363D0 /* PBXTargetDependency */,
			);
			name = HooliganUITests;
			productName = HooliganUITests;
			productReference = 4C29C94928E31F8A00C363D0 /* HooliganUITests.xctest */;
			productType = "com.apple.product-type.bundle.ui-testing";
		};
/* End PBXNativeTarget section */

/* Begin PBXProject section */
		4C29C92128E31F8700C363D0 /* Project object */ = {
			isa = PBXProject;
			attributes = {
				BuildIndependentTargetsInParallel = 1;
				LastSwiftUpdateCheck = 1400;
				LastUpgradeCheck = 1400;
				TargetAttributes = {
					4C29C92828E31F8800C363D0 = {
						CreatedOnToolsVersion = 14.0.1;
					};
					4C29C93E28E31F8A00C363D0 = {
						CreatedOnToolsVersion = 14.0.1;
						TestTargetID = 4C29C92828E31F8800C363D0;
					};
					4C29C94828E31F8A00C363D0 = {
						CreatedOnToolsVersion = 14.0.1;
						TestTargetID = 4C29C92828E31F8800C363D0;
					};
				};
			};
			buildConfigurationList = 4C29C92428E31F8700C363D0 /* Build configuration list for PBXProject "Hooligan" */;
			compatibilityVersion = "Xcode 14.0";
			developmentRegion = en;
			hasScannedForEncodings = 0;
			knownRegions = (
				en,
				Base,
			);
			mainGroup = 4C29C92028E31F8700C363D0;
			packageReferences = (
				4C3EB74A28E379780053285D /* XCRemoteSwiftPackageReference "Alamofire" */,
			);
			productRefGroup = 4C29C92A28E31F8800C363D0 /* Products */;
			projectDirPath = "";
			projectRoot = "";
			targets = (
				4C29C92828E31F8800C363D0 /* Hooligan */,
				4C29C93E28E31F8A00C363D0 /* HooliganTests */,
				4C29C94828E31F8A00C363D0 /* HooliganUITests */,
			);
		};
/* End PBXProject section */

/* Begin PBXResourcesBuildPhase section */
		4C29C92728E31F8800C363D0 /* Resources */ = {
			isa = PBXResourcesBuildPhase;
			buildActionMask = 2147483647;
			files = (
				4CE7538D28E38135009E65B3 /* Localizable.strings in Resources */,
				4C29C96128E3245C00C363D0 /* MainTabBarStoryboard.storyboard in Resources */,
				4CE753A628E3A2A5009E65B3 /* PlayerTableViewCell.xib in Resources */,
				4C29C93928E31F8900C363D0 /* LaunchScreen.storyboard in Resources */,
				4C29C93628E31F8900C363D0 /* Assets.xcassets in Resources */,
			);
			runOnlyForDeploymentPostprocessing = 0;
		};
		4C29C93D28E31F8A00C363D0 /* Resources */ = {
			isa = PBXResourcesBuildPhase;
			buildActionMask = 2147483647;
			files = (
			);
			runOnlyForDeploymentPostprocessing = 0;
		};
		4C29C94728E31F8A00C363D0 /* Resources */ = {
			isa = PBXResourcesBuildPhase;
			buildActionMask = 2147483647;
			files = (
			);
			runOnlyForDeploymentPostprocessing = 0;
		};
/* End PBXResourcesBuildPhase section */

/* Begin PBXSourcesBuildPhase section */
		4C29C92528E31F8800C363D0 /* Sources */ = {
			isa = PBXSourcesBuildPhase;
			buildActionMask = 2147483647;
			files = (
				4CE7538128E37D8D009E65B3 /* UIApplication+Extensions.swift in Sources */,
				4CE7539128E38399009E65B3 /* EventsViewModel.swift in Sources */,
				4CE7537F28E37D53009E65B3 /* Error+Extensions.swift in Sources */,
				4CE7538828E37F06009E65B3 /* BaseViewModelDelegate.swift in Sources */,
				4CE7538B28E37F85009E65B3 /* TypeAliases.swift in Sources */,
				4CE7539528E38406009E65B3 /* ScheduleViewModel.swift in Sources */,
				4CE7538328E37DCC009E65B3 /* UINavigationViewController+Extensions.swift in Sources */,
				4CE7538528E37E2C009E65B3 /* Date+Extensions.swift in Sources */,
				4C29C92D28E31F8800C363D0 /* AppDelegate.swift in Sources */,
				4CE753A028E39127009E65B3 /* ScheduleInteractor.swift in Sources */,
				4CE753AA28E3A5E0009E65B3 /* UIFont+Extensions.swift in Sources */,
				4CE7537D28E37D22009E65B3 /* Array+Extensions.swift in Sources */,
				4C29C97D28E328DD00C363D0 /* WebServicesManager.swift in Sources */,
				4C29C92F28E31F8800C363D0 /* SceneDelegate.swift in Sources */,
				4C29C96E28E327D300C363D0 /* EventsInteractor.swift in Sources */,
				4C29C96728E324C500C363D0 /* EventsViewController.swift in Sources */,
				4CE7539C28E390F1009E65B3 /* ScheduleResponseModel.swift in Sources */,
				4CE7537B28E37C0C009E65B3 /* JSONLogger.swift in Sources */,
				4CE7539828E38FA6009E65B3 /* EventsResponseModel.swift in Sources */,
				4CE753A428E3A285009E65B3 /* PlayerTableViewCell.swift in Sources */,
				4C29C97028E327DF00C363D0 /* EventsBoundary.swift in Sources */,
				4CE7539E28E39110009E65B3 /* ScheduleBoundary.swift in Sources */,
				4CE753A828E3A5CB009E65B3 /* UIColor+Extensions.swift in Sources */,
				4C29C96928E324D600C363D0 /* ScheduleViewController.swift in Sources */,
			);
			runOnlyForDeploymentPostprocessing = 0;
		};
		4C29C93B28E31F8A00C363D0 /* Sources */ = {
			isa = PBXSourcesBuildPhase;
			buildActionMask = 2147483647;
			files = (
				4C29C94428E31F8A00C363D0 /* HooliganTests.swift in Sources */,
				4C29C97728E3287700C363D0 /* ScheduleViewModelTests.swift in Sources */,
				4C29C97528E3284E00C363D0 /* EventsViewModelTests.swift in Sources */,
			);
			runOnlyForDeploymentPostprocessing = 0;
		};
		4C29C94528E31F8A00C363D0 /* Sources */ = {
			isa = PBXSourcesBuildPhase;
			buildActionMask = 2147483647;
			files = (
				4C29C95028E31F8A00C363D0 /* HooliganUITestsLaunchTests.swift in Sources */,
				4C29C94E28E31F8A00C363D0 /* HooliganUITests.swift in Sources */,
			);
			runOnlyForDeploymentPostprocessing = 0;
		};
/* End PBXSourcesBuildPhase section */

/* Begin PBXTargetDependency section */
		4C29C94128E31F8A00C363D0 /* PBXTargetDependency */ = {
			isa = PBXTargetDependency;
			target = 4C29C92828E31F8800C363D0 /* Hooligan */;
			targetProxy = 4C29C94028E31F8A00C363D0 /* PBXContainerItemProxy */;
		};
		4C29C94B28E31F8A00C363D0 /* PBXTargetDependency */ = {
			isa = PBXTargetDependency;
			target = 4C29C92828E31F8800C363D0 /* Hooligan */;
			targetProxy = 4C29C94A28E31F8A00C363D0 /* PBXContainerItemProxy */;
		};
/* End PBXTargetDependency section */

/* Begin PBXVariantGroup section */
		4C29C93728E31F8900C363D0 /* LaunchScreen.storyboard */ = {
			isa = PBXVariantGroup;
			children = (
				4C29C93828E31F8900C363D0 /* Base */,
			);
			name = LaunchScreen.storyboard;
			sourceTree = "<group>";
		};
/* End PBXVariantGroup section */

/* Begin XCBuildConfiguration section */
		4C29C95128E31F8A00C363D0 /* Debug */ = {
			isa = XCBuildConfiguration;
			buildSettings = {
				ALWAYS_SEARCH_USER_PATHS = NO;
				CLANG_ANALYZER_NONNULL = YES;
				CLANG_ANALYZER_NUMBER_OBJECT_CONVERSION = YES_AGGRESSIVE;
				CLANG_CXX_LANGUAGE_STANDARD = "gnu++20";
				CLANG_ENABLE_MODULES = YES;
				CLANG_ENABLE_OBJC_ARC = YES;
				CLANG_ENABLE_OBJC_WEAK = YES;
				CLANG_WARN_BLOCK_CAPTURE_AUTORELEASING = YES;
				CLANG_WARN_BOOL_CONVERSION = YES;
				CLANG_WARN_COMMA = YES;
				CLANG_WARN_CONSTANT_CONVERSION = YES;
				CLANG_WARN_DEPRECATED_OBJC_IMPLEMENTATIONS = YES;
				CLANG_WARN_DIRECT_OBJC_ISA_USAGE = YES_ERROR;
				CLANG_WARN_DOCUMENTATION_COMMENTS = YES;
				CLANG_WARN_EMPTY_BODY = YES;
				CLANG_WARN_ENUM_CONVERSION = YES;
				CLANG_WARN_INFINITE_RECURSION = YES;
				CLANG_WARN_INT_CONVERSION = YES;
				CLANG_WARN_NON_LITERAL_NULL_CONVERSION = YES;
				CLANG_WARN_OBJC_IMPLICIT_RETAIN_SELF = YES;
				CLANG_WARN_OBJC_LITERAL_CONVERSION = YES;
				CLANG_WARN_OBJC_ROOT_CLASS = YES_ERROR;
				CLANG_WARN_QUOTED_INCLUDE_IN_FRAMEWORK_HEADER = YES;
				CLANG_WARN_RANGE_LOOP_ANALYSIS = YES;
				CLANG_WARN_STRICT_PROTOTYPES = YES;
				CLANG_WARN_SUSPICIOUS_MOVE = YES;
				CLANG_WARN_UNGUARDED_AVAILABILITY = YES_AGGRESSIVE;
				CLANG_WARN_UNREACHABLE_CODE = YES;
				CLANG_WARN__DUPLICATE_METHOD_MATCH = YES;
				COPY_PHASE_STRIP = NO;
				DEBUG_INFORMATION_FORMAT = dwarf;
				ENABLE_STRICT_OBJC_MSGSEND = YES;
				ENABLE_TESTABILITY = YES;
				GCC_C_LANGUAGE_STANDARD = gnu11;
				GCC_DYNAMIC_NO_PIC = NO;
				GCC_NO_COMMON_BLOCKS = YES;
				GCC_OPTIMIZATION_LEVEL = 0;
				GCC_PREPROCESSOR_DEFINITIONS = (
					"DEBUG=1",
					"$(inherited)",
				);
				GCC_WARN_64_TO_32_BIT_CONVERSION = YES;
				GCC_WARN_ABOUT_RETURN_TYPE = YES_ERROR;
				GCC_WARN_UNDECLARED_SELECTOR = YES;
				GCC_WARN_UNINITIALIZED_AUTOS = YES_AGGRESSIVE;
				GCC_WARN_UNUSED_FUNCTION = YES;
				GCC_WARN_UNUSED_VARIABLE = YES;
				IPHONEOS_DEPLOYMENT_TARGET = 16.0;
				MTL_ENABLE_DEBUG_INFO = INCLUDE_SOURCE;
				MTL_FAST_MATH = YES;
				ONLY_ACTIVE_ARCH = YES;
				SDKROOT = iphoneos;
				SWIFT_ACTIVE_COMPILATION_CONDITIONS = DEBUG;
				SWIFT_OPTIMIZATION_LEVEL = "-Onone";
			};
			name = Debug;
		};
		4C29C95228E31F8A00C363D0 /* Release */ = {
			isa = XCBuildConfiguration;
			buildSettings = {
				ALWAYS_SEARCH_USER_PATHS = NO;
				CLANG_ANALYZER_NONNULL = YES;
				CLANG_ANALYZER_NUMBER_OBJECT_CONVERSION = YES_AGGRESSIVE;
				CLANG_CXX_LANGUAGE_STANDARD = "gnu++20";
				CLANG_ENABLE_MODULES = YES;
				CLANG_ENABLE_OBJC_ARC = YES;
				CLANG_ENABLE_OBJC_WEAK = YES;
				CLANG_WARN_BLOCK_CAPTURE_AUTORELEASING = YES;
				CLANG_WARN_BOOL_CONVERSION = YES;
				CLANG_WARN_COMMA = YES;
				CLANG_WARN_CONSTANT_CONVERSION = YES;
				CLANG_WARN_DEPRECATED_OBJC_IMPLEMENTATIONS = YES;
				CLANG_WARN_DIRECT_OBJC_ISA_USAGE = YES_ERROR;
				CLANG_WARN_DOCUMENTATION_COMMENTS = YES;
				CLANG_WARN_EMPTY_BODY = YES;
				CLANG_WARN_ENUM_CONVERSION = YES;
				CLANG_WARN_INFINITE_RECURSION = YES;
				CLANG_WARN_INT_CONVERSION = YES;
				CLANG_WARN_NON_LITERAL_NULL_CONVERSION = YES;
				CLANG_WARN_OBJC_IMPLICIT_RETAIN_SELF = YES;
				CLANG_WARN_OBJC_LITERAL_CONVERSION = YES;
				CLANG_WARN_OBJC_ROOT_CLASS = YES_ERROR;
				CLANG_WARN_QUOTED_INCLUDE_IN_FRAMEWORK_HEADER = YES;
				CLANG_WARN_RANGE_LOOP_ANALYSIS = YES;
				CLANG_WARN_STRICT_PROTOTYPES = YES;
				CLANG_WARN_SUSPICIOUS_MOVE = YES;
				CLANG_WARN_UNGUARDED_AVAILABILITY = YES_AGGRESSIVE;
				CLANG_WARN_UNREACHABLE_CODE = YES;
				CLANG_WARN__DUPLICATE_METHOD_MATCH = YES;
				COPY_PHASE_STRIP = NO;
				DEBUG_INFORMATION_FORMAT = "dwarf-with-dsym";
				ENABLE_NS_ASSERTIONS = NO;
				ENABLE_STRICT_OBJC_MSGSEND = YES;
				GCC_C_LANGUAGE_STANDARD = gnu11;
				GCC_NO_COMMON_BLOCKS = YES;
				GCC_WARN_64_TO_32_BIT_CONVERSION = YES;
				GCC_WARN_ABOUT_RETURN_TYPE = YES_ERROR;
				GCC_WARN_UNDECLARED_SELECTOR = YES;
				GCC_WARN_UNINITIALIZED_AUTOS = YES_AGGRESSIVE;
				GCC_WARN_UNUSED_FUNCTION = YES;
				GCC_WARN_UNUSED_VARIABLE = YES;
				IPHONEOS_DEPLOYMENT_TARGET = 16.0;
				MTL_ENABLE_DEBUG_INFO = NO;
				MTL_FAST_MATH = YES;
				SDKROOT = iphoneos;
				SWIFT_COMPILATION_MODE = wholemodule;
				SWIFT_OPTIMIZATION_LEVEL = "-O";
				VALIDATE_PRODUCT = YES;
			};
			name = Release;
		};
		4C29C95428E31F8A00C363D0 /* Debug */ = {
			isa = XCBuildConfiguration;
			buildSettings = {
				ASSETCATALOG_COMPILER_APPICON_NAME = AppIcon;
				ASSETCATALOG_COMPILER_GLOBAL_ACCENT_COLOR_NAME = AccentColor;
				CODE_SIGN_STYLE = Automatic;
				CURRENT_PROJECT_VERSION = 1;
				GENERATE_INFOPLIST_FILE = YES;
				INFOPLIST_FILE = Hooligan/Info.plist;
				INFOPLIST_KEY_UIApplicationSupportsIndirectInputEvents = YES;
				INFOPLIST_KEY_UILaunchStoryboardName = LaunchScreen;
				INFOPLIST_KEY_UIMainStoryboardFile = MainTabBarStoryboard;
				INFOPLIST_KEY_UISupportedInterfaceOrientations_iPad = "UIInterfaceOrientationPortrait UIInterfaceOrientationPortraitUpsideDown UIInterfaceOrientationLandscapeLeft UIInterfaceOrientationLandscapeRight";
				INFOPLIST_KEY_UISupportedInterfaceOrientations_iPhone = "UIInterfaceOrientationPortrait UIInterfaceOrientationLandscapeLeft UIInterfaceOrientationLandscapeRight";
				LD_RUNPATH_SEARCH_PATHS = (
					"$(inherited)",
					"@executable_path/Frameworks",
				);
				MARKETING_VERSION = 1.0;
				PRODUCT_BUNDLE_IDENTIFIER = com.luntu.Hooligan;
				PRODUCT_NAME = "$(TARGET_NAME)";
				SWIFT_EMIT_LOC_STRINGS = YES;
				SWIFT_VERSION = 5.0;
				TARGETED_DEVICE_FAMILY = "1,2";
			};
			name = Debug;
		};
		4C29C95528E31F8A00C363D0 /* Release */ = {
			isa = XCBuildConfiguration;
			buildSettings = {
				ASSETCATALOG_COMPILER_APPICON_NAME = AppIcon;
				ASSETCATALOG_COMPILER_GLOBAL_ACCENT_COLOR_NAME = AccentColor;
				CODE_SIGN_STYLE = Automatic;
				CURRENT_PROJECT_VERSION = 1;
				GENERATE_INFOPLIST_FILE = YES;
				INFOPLIST_FILE = Hooligan/Info.plist;
				INFOPLIST_KEY_UIApplicationSupportsIndirectInputEvents = YES;
				INFOPLIST_KEY_UILaunchStoryboardName = LaunchScreen;
				INFOPLIST_KEY_UIMainStoryboardFile = MainTabBarStoryboard;
				INFOPLIST_KEY_UISupportedInterfaceOrientations_iPad = "UIInterfaceOrientationPortrait UIInterfaceOrientationPortraitUpsideDown UIInterfaceOrientationLandscapeLeft UIInterfaceOrientationLandscapeRight";
				INFOPLIST_KEY_UISupportedInterfaceOrientations_iPhone = "UIInterfaceOrientationPortrait UIInterfaceOrientationLandscapeLeft UIInterfaceOrientationLandscapeRight";
				LD_RUNPATH_SEARCH_PATHS = (
					"$(inherited)",
					"@executable_path/Frameworks",
				);
				MARKETING_VERSION = 1.0;
				PRODUCT_BUNDLE_IDENTIFIER = com.luntu.Hooligan;
				PRODUCT_NAME = "$(TARGET_NAME)";
				SWIFT_EMIT_LOC_STRINGS = YES;
				SWIFT_VERSION = 5.0;
				TARGETED_DEVICE_FAMILY = "1,2";
			};
			name = Release;
		};
		4C29C95728E31F8A00C363D0 /* Debug */ = {
			isa = XCBuildConfiguration;
			buildSettings = {
				ALWAYS_EMBED_SWIFT_STANDARD_LIBRARIES = YES;
				BUNDLE_LOADER = "$(TEST_HOST)";
				CODE_SIGN_STYLE = Automatic;
				CURRENT_PROJECT_VERSION = 1;
				GENERATE_INFOPLIST_FILE = YES;
				IPHONEOS_DEPLOYMENT_TARGET = 16.0;
				MARKETING_VERSION = 1.0;
				PRODUCT_BUNDLE_IDENTIFIER = com.luntu.HooliganTests;
				PRODUCT_NAME = "$(TARGET_NAME)";
				SWIFT_EMIT_LOC_STRINGS = NO;
				SWIFT_VERSION = 5.0;
				TARGETED_DEVICE_FAMILY = "1,2";
				TEST_HOST = "$(BUILT_PRODUCTS_DIR)/Hooligan.app/$(BUNDLE_EXECUTABLE_FOLDER_PATH)/Hooligan";
			};
			name = Debug;
		};
		4C29C95828E31F8A00C363D0 /* Release */ = {
			isa = XCBuildConfiguration;
			buildSettings = {
				ALWAYS_EMBED_SWIFT_STANDARD_LIBRARIES = YES;
				BUNDLE_LOADER = "$(TEST_HOST)";
				CODE_SIGN_STYLE = Automatic;
				CURRENT_PROJECT_VERSION = 1;
				GENERATE_INFOPLIST_FILE = YES;
				IPHONEOS_DEPLOYMENT_TARGET = 16.0;
				MARKETING_VERSION = 1.0;
				PRODUCT_BUNDLE_IDENTIFIER = com.luntu.HooliganTests;
				PRODUCT_NAME = "$(TARGET_NAME)";
				SWIFT_EMIT_LOC_STRINGS = NO;
				SWIFT_VERSION = 5.0;
				TARGETED_DEVICE_FAMILY = "1,2";
				TEST_HOST = "$(BUILT_PRODUCTS_DIR)/Hooligan.app/$(BUNDLE_EXECUTABLE_FOLDER_PATH)/Hooligan";
			};
			name = Release;
		};
		4C29C95A28E31F8A00C363D0 /* Debug */ = {
			isa = XCBuildConfiguration;
			buildSettings = {
				ALWAYS_EMBED_SWIFT_STANDARD_LIBRARIES = YES;
				CODE_SIGN_STYLE = Automatic;
				CURRENT_PROJECT_VERSION = 1;
				GENERATE_INFOPLIST_FILE = YES;
				MARKETING_VERSION = 1.0;
				PRODUCT_BUNDLE_IDENTIFIER = com.luntu.HooliganUITests;
				PRODUCT_NAME = "$(TARGET_NAME)";
				SWIFT_EMIT_LOC_STRINGS = NO;
				SWIFT_VERSION = 5.0;
				TARGETED_DEVICE_FAMILY = "1,2";
				TEST_TARGET_NAME = Hooligan;
			};
			name = Debug;
		};
		4C29C95B28E31F8A00C363D0 /* Release */ = {
			isa = XCBuildConfiguration;
			buildSettings = {
				ALWAYS_EMBED_SWIFT_STANDARD_LIBRARIES = YES;
				CODE_SIGN_STYLE = Automatic;
				CURRENT_PROJECT_VERSION = 1;
				GENERATE_INFOPLIST_FILE = YES;
				MARKETING_VERSION = 1.0;
				PRODUCT_BUNDLE_IDENTIFIER = com.luntu.HooliganUITests;
				PRODUCT_NAME = "$(TARGET_NAME)";
				SWIFT_EMIT_LOC_STRINGS = NO;
				SWIFT_VERSION = 5.0;
				TARGETED_DEVICE_FAMILY = "1,2";
				TEST_TARGET_NAME = Hooligan;
			};
			name = Release;
		};
/* End XCBuildConfiguration section */

/* Begin XCConfigurationList section */
		4C29C92428E31F8700C363D0 /* Build configuration list for PBXProject "Hooligan" */ = {
			isa = XCConfigurationList;
			buildConfigurations = (
				4C29C95128E31F8A00C363D0 /* Debug */,
				4C29C95228E31F8A00C363D0 /* Release */,
			);
			defaultConfigurationIsVisible = 0;
			defaultConfigurationName = Release;
		};
		4C29C95328E31F8A00C363D0 /* Build configuration list for PBXNativeTarget "Hooligan" */ = {
			isa = XCConfigurationList;
			buildConfigurations = (
				4C29C95428E31F8A00C363D0 /* Debug */,
				4C29C95528E31F8A00C363D0 /* Release */,
			);
			defaultConfigurationIsVisible = 0;
			defaultConfigurationName = Release;
		};
		4C29C95628E31F8A00C363D0 /* Build configuration list for PBXNativeTarget "HooliganTests" */ = {
			isa = XCConfigurationList;
			buildConfigurations = (
				4C29C95728E31F8A00C363D0 /* Debug */,
				4C29C95828E31F8A00C363D0 /* Release */,
			);
			defaultConfigurationIsVisible = 0;
			defaultConfigurationName = Release;
		};
		4C29C95928E31F8A00C363D0 /* Build configuration list for PBXNativeTarget "HooliganUITests" */ = {
			isa = XCConfigurationList;
			buildConfigurations = (
				4C29C95A28E31F8A00C363D0 /* Debug */,
				4C29C95B28E31F8A00C363D0 /* Release */,
			);
			defaultConfigurationIsVisible = 0;
			defaultConfigurationName = Release;
		};
/* End XCConfigurationList section */

/* Begin XCRemoteSwiftPackageReference section */
		4C3EB74A28E379780053285D /* XCRemoteSwiftPackageReference "Alamofire" */ = {
			isa = XCRemoteSwiftPackageReference;
			repositoryURL = "https://github.com/Alamofire/Alamofire.git";
			requirement = {
				kind = upToNextMajorVersion;
				minimumVersion = 5.0.0;
			};
		};
/* End XCRemoteSwiftPackageReference section */

/* Begin XCSwiftPackageProductDependency section */
		4C3EB74B28E379780053285D /* Alamofire */ = {
			isa = XCSwiftPackageProductDependency;
			package = 4C3EB74A28E379780053285D /* XCRemoteSwiftPackageReference "Alamofire" */;
			productName = Alamofire;
		};
/* End XCSwiftPackageProductDependency section */
	};
	rootObject = 4C29C92128E31F8700C363D0 /* Project object */;
}
